// !$*UTF8*$!
{
	archiveVersion = 1;
	classes = {
	};
	objectVersion = 55;
	objects = {

/* Begin PBXBuildFile section */
		795AB1A3A9E50E04464D3763 /* Pods_FarmacyTests.framework in Frameworks */ = {isa = PBXBuildFile; fileRef = C2AE4CE25B2074F8B0358E0E /* Pods_FarmacyTests.framework */; };
		942C616D2877968100775B55 /* AppDelegate.m in Sources */ = {isa = PBXBuildFile; fileRef = 942C616C2877968100775B55 /* AppDelegate.m */; };
		942C61702877968100775B55 /* SceneDelegate.m in Sources */ = {isa = PBXBuildFile; fileRef = 942C616F2877968100775B55 /* SceneDelegate.m */; };
		942C61762877968100775B55 /* Main.storyboard in Resources */ = {isa = PBXBuildFile; fileRef = 942C61742877968100775B55 /* Main.storyboard */; };
		942C61782877968100775B55 /* Assets.xcassets in Resources */ = {isa = PBXBuildFile; fileRef = 942C61772877968100775B55 /* Assets.xcassets */; };
		942C617B2877968100775B55 /* LaunchScreen.storyboard in Resources */ = {isa = PBXBuildFile; fileRef = 942C61792877968100775B55 /* LaunchScreen.storyboard */; };
		942C617E2877968100775B55 /* main.m in Sources */ = {isa = PBXBuildFile; fileRef = 942C617D2877968100775B55 /* main.m */; };
		942C61882877968200775B55 /* FarmacyTests.m in Sources */ = {isa = PBXBuildFile; fileRef = 942C61872877968200775B55 /* FarmacyTests.m */; };
		942C61922877968200775B55 /* FarmacyUITests.m in Sources */ = {isa = PBXBuildFile; fileRef = 942C61912877968200775B55 /* FarmacyUITests.m */; };
		942C61942877968200775B55 /* FarmacyUITestsLaunchTests.m in Sources */ = {isa = PBXBuildFile; fileRef = 942C61932877968200775B55 /* FarmacyUITestsLaunchTests.m */; };
		942C61AC2877AE0A00775B55 /* MyCropsViewController.m in Sources */ = {isa = PBXBuildFile; fileRef = 942C61AA2877AE0A00775B55 /* MyCropsViewController.m */; };
		942C61B42877F53100775B55 /* LoginViewController.m in Sources */ = {isa = PBXBuildFile; fileRef = 942C61B12877B0FD00775B55 /* LoginViewController.m */; };
		942C61BA287C5E1000775B55 /* WeatherViewController.m in Sources */ = {isa = PBXBuildFile; fileRef = 942C61B9287C5E1000775B55 /* WeatherViewController.m */; };
		942C61C3287C96A800775B55 /* Keys.plist in Resources */ = {isa = PBXBuildFile; fileRef = 942C61C2287C96A800775B55 /* Keys.plist */; };
		942C61C6287CA4D600775B55 /* APIManagers.m in Sources */ = {isa = PBXBuildFile; fileRef = 942C61C5287CA4D600775B55 /* APIManagers.m */; };
		942C61CA287CD4F400775B55 /* WeatherCard.m in Sources */ = {isa = PBXBuildFile; fileRef = 942C61C9287CD4F400775B55 /* WeatherCard.m */; };
		942C61CF287CE7AF00775B55 /* WeatherCardCell.m in Sources */ = {isa = PBXBuildFile; fileRef = 942C61CE287CE7AF00775B55 /* WeatherCardCell.m */; };
		A309F0BCDF4A5AF5D42B7854 /* Pods_Farmacy_FarmacyUITests.framework in Frameworks */ = {isa = PBXBuildFile; fileRef = CA949471955D192FD3DFF208 /* Pods_Farmacy_FarmacyUITests.framework */; };
		D9AD725E1FE2FC725B876447 /* Pods_Farmacy.framework in Frameworks */ = {isa = PBXBuildFile; fileRef = 561932451C0356E9E1EBD2BC /* Pods_Farmacy.framework */; };
/* End PBXBuildFile section */

/* Begin PBXContainerItemProxy section */
		942C61842877968200775B55 /* PBXContainerItemProxy */ = {
			isa = PBXContainerItemProxy;
			containerPortal = 942C61602877968100775B55 /* Project object */;
			proxyType = 1;
			remoteGlobalIDString = 942C61672877968100775B55;
			remoteInfo = Farmacy;
		};
		942C618E2877968200775B55 /* PBXContainerItemProxy */ = {
			isa = PBXContainerItemProxy;
			containerPortal = 942C61602877968100775B55 /* Project object */;
			proxyType = 1;
			remoteGlobalIDString = 942C61672877968100775B55;
			remoteInfo = Farmacy;
		};
/* End PBXContainerItemProxy section */

/* Begin PBXFileReference section */
		5079B277EBDD0FA80499948C /* Pods-Farmacy-FarmacyUITests.release.xcconfig */ = {isa = PBXFileReference; includeInIndex = 1; lastKnownFileType = text.xcconfig; name = "Pods-Farmacy-FarmacyUITests.release.xcconfig"; path = "Target Support Files/Pods-Farmacy-FarmacyUITests/Pods-Farmacy-FarmacyUITests.release.xcconfig"; sourceTree = "<group>"; };
		561932451C0356E9E1EBD2BC /* Pods_Farmacy.framework */ = {isa = PBXFileReference; explicitFileType = wrapper.framework; includeInIndex = 0; path = Pods_Farmacy.framework; sourceTree = BUILT_PRODUCTS_DIR; };
		68DF7BF4019B2B461F644476 /* Pods-FarmacyTests.debug.xcconfig */ = {isa = PBXFileReference; includeInIndex = 1; lastKnownFileType = text.xcconfig; name = "Pods-FarmacyTests.debug.xcconfig"; path = "Target Support Files/Pods-FarmacyTests/Pods-FarmacyTests.debug.xcconfig"; sourceTree = "<group>"; };
		79711CF411FA402D9586CECB /* Pods-Farmacy.release.xcconfig */ = {isa = PBXFileReference; includeInIndex = 1; lastKnownFileType = text.xcconfig; name = "Pods-Farmacy.release.xcconfig"; path = "Target Support Files/Pods-Farmacy/Pods-Farmacy.release.xcconfig"; sourceTree = "<group>"; };
		87A546905896BFDE3B938854 /* Pods-Farmacy.debug.xcconfig */ = {isa = PBXFileReference; includeInIndex = 1; lastKnownFileType = text.xcconfig; name = "Pods-Farmacy.debug.xcconfig"; path = "Target Support Files/Pods-Farmacy/Pods-Farmacy.debug.xcconfig"; sourceTree = "<group>"; };
		942C61682877968100775B55 /* Farmacy.app */ = {isa = PBXFileReference; explicitFileType = wrapper.application; includeInIndex = 0; path = Farmacy.app; sourceTree = BUILT_PRODUCTS_DIR; };
		942C616B2877968100775B55 /* AppDelegate.h */ = {isa = PBXFileReference; lastKnownFileType = sourcecode.c.h; path = AppDelegate.h; sourceTree = "<group>"; };
		942C616C2877968100775B55 /* AppDelegate.m */ = {isa = PBXFileReference; lastKnownFileType = sourcecode.c.objc; path = AppDelegate.m; sourceTree = "<group>"; };
		942C616E2877968100775B55 /* SceneDelegate.h */ = {isa = PBXFileReference; lastKnownFileType = sourcecode.c.h; path = SceneDelegate.h; sourceTree = "<group>"; };
		942C616F2877968100775B55 /* SceneDelegate.m */ = {isa = PBXFileReference; lastKnownFileType = sourcecode.c.objc; path = SceneDelegate.m; sourceTree = "<group>"; };
		942C61752877968100775B55 /* Base */ = {isa = PBXFileReference; lastKnownFileType = file.storyboard; name = Base; path = Base.lproj/Main.storyboard; sourceTree = "<group>"; };
		942C61772877968100775B55 /* Assets.xcassets */ = {isa = PBXFileReference; lastKnownFileType = folder.assetcatalog; path = Assets.xcassets; sourceTree = "<group>"; };
		942C617A2877968100775B55 /* Base */ = {isa = PBXFileReference; lastKnownFileType = file.storyboard; name = Base; path = Base.lproj/LaunchScreen.storyboard; sourceTree = "<group>"; };
		942C617C2877968100775B55 /* Info.plist */ = {isa = PBXFileReference; lastKnownFileType = text.plist.xml; path = Info.plist; sourceTree = "<group>"; };
		942C617D2877968100775B55 /* main.m */ = {isa = PBXFileReference; lastKnownFileType = sourcecode.c.objc; path = main.m; sourceTree = "<group>"; };
		942C61832877968200775B55 /* FarmacyTests.xctest */ = {isa = PBXFileReference; explicitFileType = wrapper.cfbundle; includeInIndex = 0; path = FarmacyTests.xctest; sourceTree = BUILT_PRODUCTS_DIR; };
		942C61872877968200775B55 /* FarmacyTests.m */ = {isa = PBXFileReference; lastKnownFileType = sourcecode.c.objc; path = FarmacyTests.m; sourceTree = "<group>"; };
		942C618D2877968200775B55 /* FarmacyUITests.xctest */ = {isa = PBXFileReference; explicitFileType = wrapper.cfbundle; includeInIndex = 0; path = FarmacyUITests.xctest; sourceTree = BUILT_PRODUCTS_DIR; };
		942C61912877968200775B55 /* FarmacyUITests.m */ = {isa = PBXFileReference; lastKnownFileType = sourcecode.c.objc; path = FarmacyUITests.m; sourceTree = "<group>"; };
		942C61932877968200775B55 /* FarmacyUITestsLaunchTests.m */ = {isa = PBXFileReference; lastKnownFileType = sourcecode.c.objc; path = FarmacyUITestsLaunchTests.m; sourceTree = "<group>"; };
		942C61A028779A5800775B55 /* Farmacy.entitlements */ = {isa = PBXFileReference; lastKnownFileType = text.plist.entitlements; path = Farmacy.entitlements; sourceTree = "<group>"; };
		942C61A92877AE0A00775B55 /* MyCropsViewController.h */ = {isa = PBXFileReference; lastKnownFileType = sourcecode.c.h; path = MyCropsViewController.h; sourceTree = "<group>"; };
		942C61AA2877AE0A00775B55 /* MyCropsViewController.m */ = {isa = PBXFileReference; lastKnownFileType = sourcecode.c.objc; path = MyCropsViewController.m; sourceTree = "<group>"; };
		942C61B02877B0FD00775B55 /* LoginViewController.h */ = {isa = PBXFileReference; lastKnownFileType = sourcecode.c.h; path = LoginViewController.h; sourceTree = "<group>"; };
		942C61B12877B0FD00775B55 /* LoginViewController.m */ = {isa = PBXFileReference; lastKnownFileType = sourcecode.c.objc; path = LoginViewController.m; sourceTree = "<group>"; };
		942C61B8287C5E1000775B55 /* WeatherViewController.h */ = {isa = PBXFileReference; lastKnownFileType = sourcecode.c.h; path = WeatherViewController.h; sourceTree = "<group>"; };
		942C61B9287C5E1000775B55 /* WeatherViewController.m */ = {isa = PBXFileReference; lastKnownFileType = sourcecode.c.objc; path = WeatherViewController.m; sourceTree = "<group>"; };
		942C61C2287C96A800775B55 /* Keys.plist */ = {isa = PBXFileReference; lastKnownFileType = text.plist.xml; path = Keys.plist; sourceTree = "<group>"; };
		942C61C4287CA4D600775B55 /* APIManagers.h */ = {isa = PBXFileReference; lastKnownFileType = sourcecode.c.h; path = APIManagers.h; sourceTree = "<group>"; };
		942C61C5287CA4D600775B55 /* APIManagers.m */ = {isa = PBXFileReference; lastKnownFileType = sourcecode.c.objc; path = APIManagers.m; sourceTree = "<group>"; };
		942C61C8287CD4F400775B55 /* WeatherCard.h */ = {isa = PBXFileReference; lastKnownFileType = sourcecode.c.h; path = WeatherCard.h; sourceTree = "<group>"; };
		942C61C9287CD4F400775B55 /* WeatherCard.m */ = {isa = PBXFileReference; lastKnownFileType = sourcecode.c.objc; path = WeatherCard.m; sourceTree = "<group>"; };
		942C61CD287CE7AF00775B55 /* WeatherCardCell.h */ = {isa = PBXFileReference; lastKnownFileType = sourcecode.c.h; path = WeatherCardCell.h; sourceTree = "<group>"; };
		942C61CE287CE7AF00775B55 /* WeatherCardCell.m */ = {isa = PBXFileReference; lastKnownFileType = sourcecode.c.objc; path = WeatherCardCell.m; sourceTree = "<group>"; };
		9623B94D8268D4A155A5E98A /* Pods-FarmacyTests.release.xcconfig */ = {isa = PBXFileReference; includeInIndex = 1; lastKnownFileType = text.xcconfig; name = "Pods-FarmacyTests.release.xcconfig"; path = "Target Support Files/Pods-FarmacyTests/Pods-FarmacyTests.release.xcconfig"; sourceTree = "<group>"; };
		C2AE4CE25B2074F8B0358E0E /* Pods_FarmacyTests.framework */ = {isa = PBXFileReference; explicitFileType = wrapper.framework; includeInIndex = 0; path = Pods_FarmacyTests.framework; sourceTree = BUILT_PRODUCTS_DIR; };
		CA949471955D192FD3DFF208 /* Pods_Farmacy_FarmacyUITests.framework */ = {isa = PBXFileReference; explicitFileType = wrapper.framework; includeInIndex = 0; path = Pods_Farmacy_FarmacyUITests.framework; sourceTree = BUILT_PRODUCTS_DIR; };
		DA30BAD4C89858CC75541A9F /* Pods-Farmacy-FarmacyUITests.debug.xcconfig */ = {isa = PBXFileReference; includeInIndex = 1; lastKnownFileType = text.xcconfig; name = "Pods-Farmacy-FarmacyUITests.debug.xcconfig"; path = "Target Support Files/Pods-Farmacy-FarmacyUITests/Pods-Farmacy-FarmacyUITests.debug.xcconfig"; sourceTree = "<group>"; };
/* End PBXFileReference section */

/* Begin PBXFrameworksBuildPhase section */
		942C61652877968100775B55 /* Frameworks */ = {
			isa = PBXFrameworksBuildPhase;
			buildActionMask = 2147483647;
			files = (
				D9AD725E1FE2FC725B876447 /* Pods_Farmacy.framework in Frameworks */,
			);
			runOnlyForDeploymentPostprocessing = 0;
		};
		942C61802877968200775B55 /* Frameworks */ = {
			isa = PBXFrameworksBuildPhase;
			buildActionMask = 2147483647;
			files = (
				795AB1A3A9E50E04464D3763 /* Pods_FarmacyTests.framework in Frameworks */,
			);
			runOnlyForDeploymentPostprocessing = 0;
		};
		942C618A2877968200775B55 /* Frameworks */ = {
			isa = PBXFrameworksBuildPhase;
			buildActionMask = 2147483647;
			files = (
				A309F0BCDF4A5AF5D42B7854 /* Pods_Farmacy_FarmacyUITests.framework in Frameworks */,
			);
			runOnlyForDeploymentPostprocessing = 0;
		};
/* End PBXFrameworksBuildPhase section */

/* Begin PBXGroup section */
		5E08DE115D7CEA4633D0EC5F /* Frameworks */ = {
			isa = PBXGroup;
			children = (
				561932451C0356E9E1EBD2BC /* Pods_Farmacy.framework */,
				CA949471955D192FD3DFF208 /* Pods_Farmacy_FarmacyUITests.framework */,
				C2AE4CE25B2074F8B0358E0E /* Pods_FarmacyTests.framework */,
			);
			name = Frameworks;
			sourceTree = "<group>";
		};
		66D46671204FC8B4EFE53375 /* Pods */ = {
			isa = PBXGroup;
			children = (
				87A546905896BFDE3B938854 /* Pods-Farmacy.debug.xcconfig */,
				79711CF411FA402D9586CECB /* Pods-Farmacy.release.xcconfig */,
				DA30BAD4C89858CC75541A9F /* Pods-Farmacy-FarmacyUITests.debug.xcconfig */,
				5079B277EBDD0FA80499948C /* Pods-Farmacy-FarmacyUITests.release.xcconfig */,
				68DF7BF4019B2B461F644476 /* Pods-FarmacyTests.debug.xcconfig */,
				9623B94D8268D4A155A5E98A /* Pods-FarmacyTests.release.xcconfig */,
			);
			path = Pods;
			sourceTree = "<group>";
		};
		942C615F2877968100775B55 = {
			isa = PBXGroup;
			children = (
				942C616A2877968100775B55 /* Farmacy */,
				942C61862877968200775B55 /* FarmacyTests */,
				942C61902877968200775B55 /* FarmacyUITests */,
				942C61692877968100775B55 /* Products */,
				66D46671204FC8B4EFE53375 /* Pods */,
				5E08DE115D7CEA4633D0EC5F /* Frameworks */,
			);
			sourceTree = "<group>";
		};
		942C61692877968100775B55 /* Products */ = {
			isa = PBXGroup;
			children = (
				942C61682877968100775B55 /* Farmacy.app */,
				942C61832877968200775B55 /* FarmacyTests.xctest */,
				942C618D2877968200775B55 /* FarmacyUITests.xctest */,
			);
			name = Products;
			sourceTree = "<group>";
		};
		942C616A2877968100775B55 /* Farmacy */ = {
			isa = PBXGroup;
			children = (
				942C61CC287CE78000775B55 /* Views */,
				942C61C7287CD4D700775B55 /* Models */,
				942C61BB287C940800775B55 /* API */,
				942C61D0287DF74B00775B55 /* View Controller */,
				942C616B2877968100775B55 /* AppDelegate.h */,
				942C61A028779A5800775B55 /* Farmacy.entitlements */,
				942C616C2877968100775B55 /* AppDelegate.m */,
				942C616E2877968100775B55 /* SceneDelegate.h */,
				942C616F2877968100775B55 /* SceneDelegate.m */,
				942C61742877968100775B55 /* Main.storyboard */,
				942C61772877968100775B55 /* Assets.xcassets */,
				942C61792877968100775B55 /* LaunchScreen.storyboard */,
				942C617C2877968100775B55 /* Info.plist */,
				942C61C2287C96A800775B55 /* Keys.plist */,
				942C617D2877968100775B55 /* main.m */,
			);
			path = Farmacy;
			sourceTree = "<group>";
		};
		942C61862877968200775B55 /* FarmacyTests */ = {
			isa = PBXGroup;
			children = (
				942C61872877968200775B55 /* FarmacyTests.m */,
			);
			path = FarmacyTests;
			sourceTree = "<group>";
		};
		942C61902877968200775B55 /* FarmacyUITests */ = {
			isa = PBXGroup;
			children = (
				942C61912877968200775B55 /* FarmacyUITests.m */,
				942C61932877968200775B55 /* FarmacyUITestsLaunchTests.m */,
			);
			path = FarmacyUITests;
			sourceTree = "<group>";
		};
		942C61BB287C940800775B55 /* API */ = {
			isa = PBXGroup;
			children = (
				942C61C4287CA4D600775B55 /* APIManagers.h */,
				942C61C5287CA4D600775B55 /* APIManagers.m */,
			);
			path = API;
			sourceTree = "<group>";
		};
		942C61C7287CD4D700775B55 /* Models */ = {
			isa = PBXGroup;
			children = (
				942C61C8287CD4F400775B55 /* WeatherCard.h */,
				942C61C9287CD4F400775B55 /* WeatherCard.m */,
			);
			path = Models;
			sourceTree = "<group>";
		};
		942C61CC287CE78000775B55 /* Views */ = {
			isa = PBXGroup;
			children = (
				942C61CD287CE7AF00775B55 /* WeatherCardCell.h */,
				942C61CE287CE7AF00775B55 /* WeatherCardCell.m */,
			);
			path = Views;
			sourceTree = "<group>";
		};
		942C61D0287DF74B00775B55 /* View Controller */ = {
			isa = PBXGroup;
			children = (
				942C61B02877B0FD00775B55 /* LoginViewController.h */,
				942C61B12877B0FD00775B55 /* LoginViewController.m */,
				942C61A92877AE0A00775B55 /* MyCropsViewController.h */,
				942C61AA2877AE0A00775B55 /* MyCropsViewController.m */,
				942C61B8287C5E1000775B55 /* WeatherViewController.h */,
				942C61B9287C5E1000775B55 /* WeatherViewController.m */,
			);
			path = "View Controller";
			sourceTree = "<group>";
		};
/* End PBXGroup section */

/* Begin PBXNativeTarget section */
		942C61672877968100775B55 /* Farmacy */ = {
			isa = PBXNativeTarget;
			buildConfigurationList = 942C61972877968200775B55 /* Build configuration list for PBXNativeTarget "Farmacy" */;
			buildPhases = (
				3048E83DE8D757DE6B3BB758 /* [CP] Check Pods Manifest.lock */,
				942C61642877968100775B55 /* Sources */,
				942C61652877968100775B55 /* Frameworks */,
				942C61662877968100775B55 /* Resources */,
				50AA5F01860B83F99C53049E /* [CP] Embed Pods Frameworks */,
			);
			buildRules = (
			);
			dependencies = (
			);
			name = Farmacy;
			productName = Farmacy;
			productReference = 942C61682877968100775B55 /* Farmacy.app */;
			productType = "com.apple.product-type.application";
		};
		942C61822877968200775B55 /* FarmacyTests */ = {
			isa = PBXNativeTarget;
			buildConfigurationList = 942C619A2877968200775B55 /* Build configuration list for PBXNativeTarget "FarmacyTests" */;
			buildPhases = (
				69464716EF77AC87827500D9 /* [CP] Check Pods Manifest.lock */,
				942C617F2877968200775B55 /* Sources */,
				942C61802877968200775B55 /* Frameworks */,
				942C61812877968200775B55 /* Resources */,
			);
			buildRules = (
			);
			dependencies = (
				942C61852877968200775B55 /* PBXTargetDependency */,
			);
			name = FarmacyTests;
			productName = FarmacyTests;
			productReference = 942C61832877968200775B55 /* FarmacyTests.xctest */;
			productType = "com.apple.product-type.bundle.unit-test";
		};
		942C618C2877968200775B55 /* FarmacyUITests */ = {
			isa = PBXNativeTarget;
			buildConfigurationList = 942C619D2877968200775B55 /* Build configuration list for PBXNativeTarget "FarmacyUITests" */;
			buildPhases = (
				031814EA965A4A6805425290 /* [CP] Check Pods Manifest.lock */,
				942C61892877968200775B55 /* Sources */,
				942C618A2877968200775B55 /* Frameworks */,
				942C618B2877968200775B55 /* Resources */,
				C387E30183D1E30B97FA3B6B /* [CP] Embed Pods Frameworks */,
			);
			buildRules = (
			);
			dependencies = (
				942C618F2877968200775B55 /* PBXTargetDependency */,
			);
			name = FarmacyUITests;
			productName = FarmacyUITests;
			productReference = 942C618D2877968200775B55 /* FarmacyUITests.xctest */;
			productType = "com.apple.product-type.bundle.ui-testing";
		};
/* End PBXNativeTarget section */

/* Begin PBXProject section */
		942C61602877968100775B55 /* Project object */ = {
			isa = PBXProject;
			attributes = {
				BuildIndependentTargetsInParallel = 1;
				LastUpgradeCheck = 1340;
				TargetAttributes = {
					942C61672877968100775B55 = {
						CreatedOnToolsVersion = 13.4;
					};
					942C61822877968200775B55 = {
						CreatedOnToolsVersion = 13.4;
						TestTargetID = 942C61672877968100775B55;
					};
					942C618C2877968200775B55 = {
						CreatedOnToolsVersion = 13.4;
						TestTargetID = 942C61672877968100775B55;
					};
				};
			};
			buildConfigurationList = 942C61632877968100775B55 /* Build configuration list for PBXProject "Farmacy" */;
			compatibilityVersion = "Xcode 13.0";
			developmentRegion = en;
			hasScannedForEncodings = 0;
			knownRegions = (
				en,
				Base,
			);
			mainGroup = 942C615F2877968100775B55;
			productRefGroup = 942C61692877968100775B55 /* Products */;
			projectDirPath = "";
			projectRoot = "";
			targets = (
				942C61672877968100775B55 /* Farmacy */,
				942C61822877968200775B55 /* FarmacyTests */,
				942C618C2877968200775B55 /* FarmacyUITests */,
			);
		};
/* End PBXProject section */

/* Begin PBXResourcesBuildPhase section */
		942C61662877968100775B55 /* Resources */ = {
			isa = PBXResourcesBuildPhase;
			buildActionMask = 2147483647;
			files = (
				942C61C3287C96A800775B55 /* Keys.plist in Resources */,
				942C617B2877968100775B55 /* LaunchScreen.storyboard in Resources */,
				942C61782877968100775B55 /* Assets.xcassets in Resources */,
				942C61762877968100775B55 /* Main.storyboard in Resources */,
			);
			runOnlyForDeploymentPostprocessing = 0;
		};
		942C61812877968200775B55 /* Resources */ = {
			isa = PBXResourcesBuildPhase;
			buildActionMask = 2147483647;
			files = (
			);
			runOnlyForDeploymentPostprocessing = 0;
		};
		942C618B2877968200775B55 /* Resources */ = {
			isa = PBXResourcesBuildPhase;
			buildActionMask = 2147483647;
			files = (
			);
			runOnlyForDeploymentPostprocessing = 0;
		};
/* End PBXResourcesBuildPhase section */

/* Begin PBXShellScriptBuildPhase section */
		031814EA965A4A6805425290 /* [CP] Check Pods Manifest.lock */ = {
			isa = PBXShellScriptBuildPhase;
			buildActionMask = 2147483647;
			files = (
			);
			inputFileListPaths = (
			);
			inputPaths = (
				"${PODS_PODFILE_DIR_PATH}/Podfile.lock",
				"${PODS_ROOT}/Manifest.lock",
			);
			name = "[CP] Check Pods Manifest.lock";
			outputFileListPaths = (
			);
			outputPaths = (
				"$(DERIVED_FILE_DIR)/Pods-Farmacy-FarmacyUITests-checkManifestLockResult.txt",
			);
			runOnlyForDeploymentPostprocessing = 0;
			shellPath = /bin/sh;
			shellScript = "diff \"${PODS_PODFILE_DIR_PATH}/Podfile.lock\" \"${PODS_ROOT}/Manifest.lock\" > /dev/null\nif [ $? != 0 ] ; then\n    # print error to STDERR\n    echo \"error: The sandbox is not in sync with the Podfile.lock. Run 'pod install' or update your CocoaPods installation.\" >&2\n    exit 1\nfi\n# This output is used by Xcode 'outputs' to avoid re-running this script phase.\necho \"SUCCESS\" > \"${SCRIPT_OUTPUT_FILE_0}\"\n";
			showEnvVarsInLog = 0;
		};
		3048E83DE8D757DE6B3BB758 /* [CP] Check Pods Manifest.lock */ = {
			isa = PBXShellScriptBuildPhase;
			buildActionMask = 2147483647;
			files = (
			);
			inputFileListPaths = (
			);
			inputPaths = (
				"${PODS_PODFILE_DIR_PATH}/Podfile.lock",
				"${PODS_ROOT}/Manifest.lock",
			);
			name = "[CP] Check Pods Manifest.lock";
			outputFileListPaths = (
			);
			outputPaths = (
				"$(DERIVED_FILE_DIR)/Pods-Farmacy-checkManifestLockResult.txt",
			);
			runOnlyForDeploymentPostprocessing = 0;
			shellPath = /bin/sh;
			shellScript = "diff \"${PODS_PODFILE_DIR_PATH}/Podfile.lock\" \"${PODS_ROOT}/Manifest.lock\" > /dev/null\nif [ $? != 0 ] ; then\n    # print error to STDERR\n    echo \"error: The sandbox is not in sync with the Podfile.lock. Run 'pod install' or update your CocoaPods installation.\" >&2\n    exit 1\nfi\n# This output is used by Xcode 'outputs' to avoid re-running this script phase.\necho \"SUCCESS\" > \"${SCRIPT_OUTPUT_FILE_0}\"\n";
			showEnvVarsInLog = 0;
		};
		50AA5F01860B83F99C53049E /* [CP] Embed Pods Frameworks */ = {
			isa = PBXShellScriptBuildPhase;
			buildActionMask = 2147483647;
			files = (
			);
			inputFileListPaths = (
				"${PODS_ROOT}/Target Support Files/Pods-Farmacy/Pods-Farmacy-frameworks-${CONFIGURATION}-input-files.xcfilelist",
			);
			name = "[CP] Embed Pods Frameworks";
			outputFileListPaths = (
				"${PODS_ROOT}/Target Support Files/Pods-Farmacy/Pods-Farmacy-frameworks-${CONFIGURATION}-output-files.xcfilelist",
			);
			runOnlyForDeploymentPostprocessing = 0;
			shellPath = /bin/sh;
			shellScript = "\"${PODS_ROOT}/Target Support Files/Pods-Farmacy/Pods-Farmacy-frameworks.sh\"\n";
			showEnvVarsInLog = 0;
		};
		69464716EF77AC87827500D9 /* [CP] Check Pods Manifest.lock */ = {
			isa = PBXShellScriptBuildPhase;
			buildActionMask = 2147483647;
			files = (
			);
			inputFileListPaths = (
			);
			inputPaths = (
				"${PODS_PODFILE_DIR_PATH}/Podfile.lock",
				"${PODS_ROOT}/Manifest.lock",
			);
			name = "[CP] Check Pods Manifest.lock";
			outputFileListPaths = (
			);
			outputPaths = (
				"$(DERIVED_FILE_DIR)/Pods-FarmacyTests-checkManifestLockResult.txt",
			);
			runOnlyForDeploymentPostprocessing = 0;
			shellPath = /bin/sh;
			shellScript = "diff \"${PODS_PODFILE_DIR_PATH}/Podfile.lock\" \"${PODS_ROOT}/Manifest.lock\" > /dev/null\nif [ $? != 0 ] ; then\n    # print error to STDERR\n    echo \"error: The sandbox is not in sync with the Podfile.lock. Run 'pod install' or update your CocoaPods installation.\" >&2\n    exit 1\nfi\n# This output is used by Xcode 'outputs' to avoid re-running this script phase.\necho \"SUCCESS\" > \"${SCRIPT_OUTPUT_FILE_0}\"\n";
			showEnvVarsInLog = 0;
		};
		C387E30183D1E30B97FA3B6B /* [CP] Embed Pods Frameworks */ = {
			isa = PBXShellScriptBuildPhase;
			buildActionMask = 2147483647;
			files = (
			);
			inputFileListPaths = (
				"${PODS_ROOT}/Target Support Files/Pods-Farmacy-FarmacyUITests/Pods-Farmacy-FarmacyUITests-frameworks-${CONFIGURATION}-input-files.xcfilelist",
			);
			name = "[CP] Embed Pods Frameworks";
			outputFileListPaths = (
				"${PODS_ROOT}/Target Support Files/Pods-Farmacy-FarmacyUITests/Pods-Farmacy-FarmacyUITests-frameworks-${CONFIGURATION}-output-files.xcfilelist",
			);
			runOnlyForDeploymentPostprocessing = 0;
			shellPath = /bin/sh;
			shellScript = "\"${PODS_ROOT}/Target Support Files/Pods-Farmacy-FarmacyUITests/Pods-Farmacy-FarmacyUITests-frameworks.sh\"\n";
			showEnvVarsInLog = 0;
		};
/* End PBXShellScriptBuildPhase section */

/* Begin PBXSourcesBuildPhase section */
		942C61642877968100775B55 /* Sources */ = {
			isa = PBXSourcesBuildPhase;
			buildActionMask = 2147483647;
			files = (
				942C616D2877968100775B55 /* AppDelegate.m in Sources */,
				942C61BA287C5E1000775B55 /* WeatherViewController.m in Sources */,
				942C61CA287CD4F400775B55 /* WeatherCard.m in Sources */,
				942C61B42877F53100775B55 /* LoginViewController.m in Sources */,
				942C61AC2877AE0A00775B55 /* MyCropsViewController.m in Sources */,
				942C617E2877968100775B55 /* main.m in Sources */,
				942C61C6287CA4D600775B55 /* APIManagers.m in Sources */,
				942C61CF287CE7AF00775B55 /* WeatherCardCell.m in Sources */,
				942C61702877968100775B55 /* SceneDelegate.m in Sources */,
			);
			runOnlyForDeploymentPostprocessing = 0;
		};
		942C617F2877968200775B55 /* Sources */ = {
			isa = PBXSourcesBuildPhase;
			buildActionMask = 2147483647;
			files = (
				942C61882877968200775B55 /* FarmacyTests.m in Sources */,
			);
			runOnlyForDeploymentPostprocessing = 0;
		};
		942C61892877968200775B55 /* Sources */ = {
			isa = PBXSourcesBuildPhase;
			buildActionMask = 2147483647;
			files = (
				942C61942877968200775B55 /* FarmacyUITestsLaunchTests.m in Sources */,
				942C61922877968200775B55 /* FarmacyUITests.m in Sources */,
			);
			runOnlyForDeploymentPostprocessing = 0;
		};
/* End PBXSourcesBuildPhase section */

/* Begin PBXTargetDependency section */
		942C61852877968200775B55 /* PBXTargetDependency */ = {
			isa = PBXTargetDependency;
			target = 942C61672877968100775B55 /* Farmacy */;
			targetProxy = 942C61842877968200775B55 /* PBXContainerItemProxy */;
		};
		942C618F2877968200775B55 /* PBXTargetDependency */ = {
			isa = PBXTargetDependency;
			target = 942C61672877968100775B55 /* Farmacy */;
			targetProxy = 942C618E2877968200775B55 /* PBXContainerItemProxy */;
		};
/* End PBXTargetDependency section */

/* Begin PBXVariantGroup section */
		942C61742877968100775B55 /* Main.storyboard */ = {
			isa = PBXVariantGroup;
			children = (
				942C61752877968100775B55 /* Base */,
			);
			name = Main.storyboard;
			sourceTree = "<group>";
		};
		942C61792877968100775B55 /* LaunchScreen.storyboard */ = {
			isa = PBXVariantGroup;
			children = (
				942C617A2877968100775B55 /* Base */,
			);
			name = LaunchScreen.storyboard;
			sourceTree = "<group>";
		};
/* End PBXVariantGroup section */

/* Begin XCBuildConfiguration section */
		942C61952877968200775B55 /* Debug */ = {
			isa = XCBuildConfiguration;
			buildSettings = {
				ALWAYS_SEARCH_USER_PATHS = NO;
				CLANG_ANALYZER_NONNULL = YES;
				CLANG_ANALYZER_NUMBER_OBJECT_CONVERSION = YES_AGGRESSIVE;
				CLANG_CXX_LANGUAGE_STANDARD = "gnu++17";
				CLANG_ENABLE_MODULES = YES;
				CLANG_ENABLE_OBJC_ARC = YES;
				CLANG_ENABLE_OBJC_WEAK = YES;
				CLANG_WARN_BLOCK_CAPTURE_AUTORELEASING = YES;
				CLANG_WARN_BOOL_CONVERSION = YES;
				CLANG_WARN_COMMA = YES;
				CLANG_WARN_CONSTANT_CONVERSION = YES;
				CLANG_WARN_DEPRECATED_OBJC_IMPLEMENTATIONS = YES;
				CLANG_WARN_DIRECT_OBJC_ISA_USAGE = YES_ERROR;
				CLANG_WARN_DOCUMENTATION_COMMENTS = YES;
				CLANG_WARN_EMPTY_BODY = YES;
				CLANG_WARN_ENUM_CONVERSION = YES;
				CLANG_WARN_INFINITE_RECURSION = YES;
				CLANG_WARN_INT_CONVERSION = YES;
				CLANG_WARN_NON_LITERAL_NULL_CONVERSION = YES;
				CLANG_WARN_OBJC_IMPLICIT_RETAIN_SELF = YES;
				CLANG_WARN_OBJC_LITERAL_CONVERSION = YES;
				CLANG_WARN_OBJC_ROOT_CLASS = YES_ERROR;
				CLANG_WARN_QUOTED_INCLUDE_IN_FRAMEWORK_HEADER = YES;
				CLANG_WARN_RANGE_LOOP_ANALYSIS = YES;
				CLANG_WARN_STRICT_PROTOTYPES = YES;
				CLANG_WARN_SUSPICIOUS_MOVE = YES;
				CLANG_WARN_UNGUARDED_AVAILABILITY = YES_AGGRESSIVE;
				CLANG_WARN_UNREACHABLE_CODE = YES;
				CLANG_WARN__DUPLICATE_METHOD_MATCH = YES;
				COPY_PHASE_STRIP = NO;
				DEBUG_INFORMATION_FORMAT = dwarf;
				ENABLE_STRICT_OBJC_MSGSEND = YES;
				ENABLE_TESTABILITY = YES;
				GCC_C_LANGUAGE_STANDARD = gnu11;
				GCC_DYNAMIC_NO_PIC = NO;
				GCC_NO_COMMON_BLOCKS = YES;
				GCC_OPTIMIZATION_LEVEL = 0;
				GCC_PREPROCESSOR_DEFINITIONS = (
					"DEBUG=1",
					"$(inherited)",
				);
				GCC_WARN_64_TO_32_BIT_CONVERSION = YES;
				GCC_WARN_ABOUT_RETURN_TYPE = YES_ERROR;
				GCC_WARN_UNDECLARED_SELECTOR = YES;
				GCC_WARN_UNINITIALIZED_AUTOS = YES_AGGRESSIVE;
				GCC_WARN_UNUSED_FUNCTION = YES;
				GCC_WARN_UNUSED_VARIABLE = YES;
				IPHONEOS_DEPLOYMENT_TARGET = 15.5;
				MTL_ENABLE_DEBUG_INFO = INCLUDE_SOURCE;
				MTL_FAST_MATH = YES;
				ONLY_ACTIVE_ARCH = YES;
				SDKROOT = iphoneos;
			};
			name = Debug;
		};
		942C61962877968200775B55 /* Release */ = {
			isa = XCBuildConfiguration;
			buildSettings = {
				ALWAYS_SEARCH_USER_PATHS = NO;
				CLANG_ANALYZER_NONNULL = YES;
				CLANG_ANALYZER_NUMBER_OBJECT_CONVERSION = YES_AGGRESSIVE;
				CLANG_CXX_LANGUAGE_STANDARD = "gnu++17";
				CLANG_ENABLE_MODULES = YES;
				CLANG_ENABLE_OBJC_ARC = YES;
				CLANG_ENABLE_OBJC_WEAK = YES;
				CLANG_WARN_BLOCK_CAPTURE_AUTORELEASING = YES;
				CLANG_WARN_BOOL_CONVERSION = YES;
				CLANG_WARN_COMMA = YES;
				CLANG_WARN_CONSTANT_CONVERSION = YES;
				CLANG_WARN_DEPRECATED_OBJC_IMPLEMENTATIONS = YES;
				CLANG_WARN_DIRECT_OBJC_ISA_USAGE = YES_ERROR;
				CLANG_WARN_DOCUMENTATION_COMMENTS = YES;
				CLANG_WARN_EMPTY_BODY = YES;
				CLANG_WARN_ENUM_CONVERSION = YES;
				CLANG_WARN_INFINITE_RECURSION = YES;
				CLANG_WARN_INT_CONVERSION = YES;
				CLANG_WARN_NON_LITERAL_NULL_CONVERSION = YES;
				CLANG_WARN_OBJC_IMPLICIT_RETAIN_SELF = YES;
				CLANG_WARN_OBJC_LITERAL_CONVERSION = YES;
				CLANG_WARN_OBJC_ROOT_CLASS = YES_ERROR;
				CLANG_WARN_QUOTED_INCLUDE_IN_FRAMEWORK_HEADER = YES;
				CLANG_WARN_RANGE_LOOP_ANALYSIS = YES;
				CLANG_WARN_STRICT_PROTOTYPES = YES;
				CLANG_WARN_SUSPICIOUS_MOVE = YES;
				CLANG_WARN_UNGUARDED_AVAILABILITY = YES_AGGRESSIVE;
				CLANG_WARN_UNREACHABLE_CODE = YES;
				CLANG_WARN__DUPLICATE_METHOD_MATCH = YES;
				COPY_PHASE_STRIP = NO;
				DEBUG_INFORMATION_FORMAT = "dwarf-with-dsym";
				ENABLE_NS_ASSERTIONS = NO;
				ENABLE_STRICT_OBJC_MSGSEND = YES;
				GCC_C_LANGUAGE_STANDARD = gnu11;
				GCC_NO_COMMON_BLOCKS = YES;
				GCC_WARN_64_TO_32_BIT_CONVERSION = YES;
				GCC_WARN_ABOUT_RETURN_TYPE = YES_ERROR;
				GCC_WARN_UNDECLARED_SELECTOR = YES;
				GCC_WARN_UNINITIALIZED_AUTOS = YES_AGGRESSIVE;
				GCC_WARN_UNUSED_FUNCTION = YES;
				GCC_WARN_UNUSED_VARIABLE = YES;
				IPHONEOS_DEPLOYMENT_TARGET = 15.5;
				MTL_ENABLE_DEBUG_INFO = NO;
				MTL_FAST_MATH = YES;
				SDKROOT = iphoneos;
				VALIDATE_PRODUCT = YES;
			};
			name = Release;
		};
		942C61982877968200775B55 /* Debug */ = {
			isa = XCBuildConfiguration;
			baseConfigurationReference = 87A546905896BFDE3B938854 /* Pods-Farmacy.debug.xcconfig */;
			buildSettings = {
				ASSETCATALOG_COMPILER_APPICON_NAME = AppIcon;
				ASSETCATALOG_COMPILER_GLOBAL_ACCENT_COLOR_NAME = AccentColor;
				CODE_SIGN_ENTITLEMENTS = Farmacy/Farmacy.entitlements;
				CODE_SIGN_STYLE = Automatic;
				CURRENT_PROJECT_VERSION = 1;
				DEVELOPMENT_TEAM = B66G8U4UU4;
				GENERATE_INFOPLIST_FILE = YES;
				INFOPLIST_FILE = Farmacy/Info.plist;
				INFOPLIST_KEY_UIApplicationSupportsIndirectInputEvents = YES;
				INFOPLIST_KEY_UILaunchStoryboardName = LaunchScreen;
				INFOPLIST_KEY_UIMainStoryboardFile = Main;
				INFOPLIST_KEY_UISupportedInterfaceOrientations_iPad = "UIInterfaceOrientationPortrait UIInterfaceOrientationPortraitUpsideDown UIInterfaceOrientationLandscapeLeft UIInterfaceOrientationLandscapeRight";
				INFOPLIST_KEY_UISupportedInterfaceOrientations_iPhone = "UIInterfaceOrientationPortrait UIInterfaceOrientationLandscapeLeft UIInterfaceOrientationLandscapeRight";
				LD_RUNPATH_SEARCH_PATHS = (
					"$(inherited)",
					"@executable_path/Frameworks",
				);
				MARKETING_VERSION = 1.0;
				PRODUCT_BUNDLE_IDENTIFIER = com.codepath.Farmacy;
				PRODUCT_NAME = "$(TARGET_NAME)";
				SWIFT_EMIT_LOC_STRINGS = YES;
				TARGETED_DEVICE_FAMILY = "1,2";
			};
			name = Debug;
		};
		942C61992877968200775B55 /* Release */ = {
			isa = XCBuildConfiguration;
			baseConfigurationReference = 79711CF411FA402D9586CECB /* Pods-Farmacy.release.xcconfig */;
			buildSettings = {
				ASSETCATALOG_COMPILER_APPICON_NAME = AppIcon;
				ASSETCATALOG_COMPILER_GLOBAL_ACCENT_COLOR_NAME = AccentColor;
				CODE_SIGN_ENTITLEMENTS = Farmacy/Farmacy.entitlements;
				CODE_SIGN_STYLE = Automatic;
				CURRENT_PROJECT_VERSION = 1;
				DEVELOPMENT_TEAM = B66G8U4UU4;
				GENERATE_INFOPLIST_FILE = YES;
				INFOPLIST_FILE = Farmacy/Info.plist;
				INFOPLIST_KEY_UIApplicationSupportsIndirectInputEvents = YES;
				INFOPLIST_KEY_UILaunchStoryboardName = LaunchScreen;
				INFOPLIST_KEY_UIMainStoryboardFile = Main;
				INFOPLIST_KEY_UISupportedInterfaceOrientations_iPad = "UIInterfaceOrientationPortrait UIInterfaceOrientationPortraitUpsideDown UIInterfaceOrientationLandscapeLeft UIInterfaceOrientationLandscapeRight";
				INFOPLIST_KEY_UISupportedInterfaceOrientations_iPhone = "UIInterfaceOrientationPortrait UIInterfaceOrientationLandscapeLeft UIInterfaceOrientationLandscapeRight";
				LD_RUNPATH_SEARCH_PATHS = (
					"$(inherited)",
					"@executable_path/Frameworks",
				);
				MARKETING_VERSION = 1.0;
				PRODUCT_BUNDLE_IDENTIFIER = com.codepath.Farmacy;
				PRODUCT_NAME = "$(TARGET_NAME)";
				SWIFT_EMIT_LOC_STRINGS = YES;
				TARGETED_DEVICE_FAMILY = "1,2";
			};
			name = Release;
		};
		942C619B2877968200775B55 /* Debug */ = {
			isa = XCBuildConfiguration;
			baseConfigurationReference = 68DF7BF4019B2B461F644476 /* Pods-FarmacyTests.debug.xcconfig */;
			buildSettings = {
				BUNDLE_LOADER = "$(TEST_HOST)";
				CODE_SIGN_STYLE = Automatic;
				CURRENT_PROJECT_VERSION = 1;
				DEVELOPMENT_TEAM = B66G8U4UU4;
				GENERATE_INFOPLIST_FILE = YES;
				IPHONEOS_DEPLOYMENT_TARGET = 15.5;
				MARKETING_VERSION = 1.0;
				PRODUCT_BUNDLE_IDENTIFIER = com.codepath.FarmacyTests;
				PRODUCT_NAME = "$(TARGET_NAME)";
				SWIFT_EMIT_LOC_STRINGS = NO;
				TARGETED_DEVICE_FAMILY = "1,2";
				TEST_HOST = "$(BUILT_PRODUCTS_DIR)/Farmacy.app/Farmacy";
			};
			name = Debug;
		};
		942C619C2877968200775B55 /* Release */ = {
			isa = XCBuildConfiguration;
			baseConfigurationReference = 9623B94D8268D4A155A5E98A /* Pods-FarmacyTests.release.xcconfig */;
			buildSettings = {
				BUNDLE_LOADER = "$(TEST_HOST)";
				CODE_SIGN_STYLE = Automatic;
				CURRENT_PROJECT_VERSION = 1;
				DEVELOPMENT_TEAM = B66G8U4UU4;
				GENERATE_INFOPLIST_FILE = YES;
				IPHONEOS_DEPLOYMENT_TARGET = 15.5;
				MARKETING_VERSION = 1.0;
				PRODUCT_BUNDLE_IDENTIFIER = com.codepath.FarmacyTests;
				PRODUCT_NAME = "$(TARGET_NAME)";
				SWIFT_EMIT_LOC_STRINGS = NO;
				TARGETED_DEVICE_FAMILY = "1,2";
				TEST_HOST = "$(BUILT_PRODUCTS_DIR)/Farmacy.app/Farmacy";
			};
			name = Release;
		};
		942C619E2877968200775B55 /* Debug */ = {
			isa = XCBuildConfiguration;
			baseConfigurationReference = DA30BAD4C89858CC75541A9F /* Pods-Farmacy-FarmacyUITests.debug.xcconfig */;
			buildSettings = {
				CODE_SIGN_STYLE = Automatic;
				CURRENT_PROJECT_VERSION = 1;
				DEVELOPMENT_TEAM = B66G8U4UU4;
				GENERATE_INFOPLIST_FILE = YES;
				MARKETING_VERSION = 1.0;
				PRODUCT_BUNDLE_IDENTIFIER = com.codepath.FarmacyUITests;
				PRODUCT_NAME = "$(TARGET_NAME)";
				SWIFT_EMIT_LOC_STRINGS = NO;
				TARGETED_DEVICE_FAMILY = "1,2";
				TEST_TARGET_NAME = Farmacy;
			};
			name = Debug;
		};
		942C619F2877968200775B55 /* Release */ = {
			isa = XCBuildConfiguration;
			baseConfigurationReference = 5079B277EBDD0FA80499948C /* Pods-Farmacy-FarmacyUITests.release.xcconfig */;
			buildSettings = {
				CODE_SIGN_STYLE = Automatic;
				CURRENT_PROJECT_VERSION = 1;
				DEVELOPMENT_TEAM = B66G8U4UU4;
				GENERATE_INFOPLIST_FILE = YES;
				MARKETING_VERSION = 1.0;
				PRODUCT_BUNDLE_IDENTIFIER = com.codepath.FarmacyUITests;
				PRODUCT_NAME = "$(TARGET_NAME)";
				SWIFT_EMIT_LOC_STRINGS = NO;
				TARGETED_DEVICE_FAMILY = "1,2";
				TEST_TARGET_NAME = Farmacy;
			};
			name = Release;
		};
/* End XCBuildConfiguration section */

/* Begin XCConfigurationList section */
		942C61632877968100775B55 /* Build configuration list for PBXProject "Farmacy" */ = {
			isa = XCConfigurationList;
			buildConfigurations = (
				942C61952877968200775B55 /* Debug */,
				942C61962877968200775B55 /* Release */,
			);
			defaultConfigurationIsVisible = 0;
			defaultConfigurationName = Release;
		};
		942C61972877968200775B55 /* Build configuration list for PBXNativeTarget "Farmacy" */ = {
			isa = XCConfigurationList;
			buildConfigurations = (
				942C61982877968200775B55 /* Debug */,
				942C61992877968200775B55 /* Release */,
			);
			defaultConfigurationIsVisible = 0;
			defaultConfigurationName = Release;
		};
		942C619A2877968200775B55 /* Build configuration list for PBXNativeTarget "FarmacyTests" */ = {
			isa = XCConfigurationList;
			buildConfigurations = (
				942C619B2877968200775B55 /* Debug */,
				942C619C2877968200775B55 /* Release */,
			);
			defaultConfigurationIsVisible = 0;
			defaultConfigurationName = Release;
		};
		942C619D2877968200775B55 /* Build configuration list for PBXNativeTarget "FarmacyUITests" */ = {
			isa = XCConfigurationList;
			buildConfigurations = (
				942C619E2877968200775B55 /* Debug */,
				942C619F2877968200775B55 /* Release */,
			);
			defaultConfigurationIsVisible = 0;
			defaultConfigurationName = Release;
		};
/* End XCConfigurationList section */
	};
	rootObject = 942C61602877968100775B55 /* Project object */;
}
